
Microsoft Visual Studio Solution File, Format Version 12.00
# Visual Studio 2013
VisualStudioVersion = 12.0.21005.1
MinimumVisualStudioVersion = 10.0.40219.1
Project("{FAE04EC0-301F-11D3-BF4B-00C04F79EFBC}") = "User", "User\User.csproj", "{AC23E259-DC01-483C-965D-C82CA15EF3D9}"
EndProject
Project("{FAE04EC0-301F-11D3-BF4B-00C04F79EFBC}") = "Group", "Group\Group.csproj", "{47B99D3B-6C56-4AC8-98DE-B0C46644BC64}"
EndProject
Project("{FAE04EC0-301F-11D3-BF4B-00C04F79EFBC}") = "Share", "Share\Share.csproj", "{BC3969EE-B13A-4D9A-8BAD-BA750FC386CC}"
EndProject
Project("{FAE04EC0-301F-11D3-BF4B-00C04F79EFBC}") = "Common", "Common\Common.csproj", "{C1167598-9BE3-40C9-8B28-F72211DFB57C}"
EndProject
Project("{FAE04EC0-301F-11D3-BF4B-00C04F79EFBC}") = "UI", "UI\UI.csproj", "{4BCEDD93-AF14-4DA7-A46B-4AE0C9B68570}"
EndProject
Project("{FAE04EC0-301F-11D3-BF4B-00C04F79EFBC}") = "NetworkDrive", "NetworkDrive\NetworkDrive.csproj", "{7D6C6AD2-1C6A-4499-9A15-58B24C3421BC}"
EndProject
Global
	GlobalSection(SolutionConfigurationPlatforms) = preSolution
		Debug|Any CPU = Debug|Any CPU
		Release|Any CPU = Release|Any CPU
	EndGlobalSection
	GlobalSection(ProjectConfigurationPlatforms) = postSolution
		{AC23E259-DC01-483C-965D-C82CA15EF3D9}.Debug|Any CPU.ActiveCfg = Debug|Any CPU
		{AC23E259-DC01-483C-965D-C82CA15EF3D9}.Debug|Any CPU.Build.0 = Debug|Any CPU
		{AC23E259-DC01-483C-965D-C82CA15EF3D9}.Release|Any CPU.ActiveCfg = Release|Any CPU
		{AC23E259-DC01-483C-965D-C82CA15EF3D9}.Release|Any CPU.Build.0 = Release|Any CPU
		{47B99D3B-6C56-4AC8-98DE-B0C46644BC64}.Debug|Any CPU.ActiveCfg = Debug|Any CPU
		{47B99D3B-6C56-4AC8-98DE-B0C46644BC64}.Debug|Any CPU.Build.0 = Debug|Any CPU
		{47B99D3B-6C56-4AC8-98DE-B0C46644BC64}.Release|Any CPU.ActiveCfg = Release|Any CPU
		{47B99D3B-6C56-4AC8-98DE-B0C46644BC64}.Release|Any CPU.Build.0 = Release|Any CPU
		{BC3969EE-B13A-4D9A-8BAD-BA750FC386CC}.Debug|Any CPU.ActiveCfg = Debug|Any CPU
		{BC3969EE-B13A-4D9A-8BAD-BA750FC386CC}.Debug|Any CPU.Build.0 = Debug|Any CPU
		{BC3969EE-B13A-4D9A-8BAD-BA750FC386CC}.Release|Any CPU.ActiveCfg = Release|Any CPU
		{BC3969EE-B13A-4D9A-8BAD-BA750FC386CC}.Release|Any CPU.Build.0 = Release|Any CPU
		{C1167598-9BE3-40C9-8B28-F72211DFB57C}.Debug|Any CPU.ActiveCfg = Debug|Any CPU
		{C1167598-9BE3-40C9-8B28-F72211DFB57C}.Debug|Any CPU.Build.0 = Debug|Any CPU
		{C1167598-9BE3-40C9-8B28-F72211DFB57C}.Release|Any CPU.ActiveCfg = Release|Any CPU
		{C1167598-9BE3-40C9-8B28-F72211DFB57C}.Release|Any CPU.Build.0 = Release|Any CPU
		{4BCEDD93-AF14-4DA7-A46B-4AE0C9B68570}.Debug|Any CPU.ActiveCfg = Debug|Any CPU
		{4BCEDD93-AF14-4DA7-A46B-4AE0C9B68570}.Debug|Any CPU.Build.0 = Debug|Any CPU
		{4BCEDD93-AF14-4DA7-A46B-4AE0C9B68570}.Release|Any CPU.ActiveCfg = Release|Any CPU
		{4BCEDD93-AF14-4DA7-A46B-4AE0C9B68570}.Release|Any CPU.Build.0 = Release|Any CPU
		{7D6C6AD2-1C6A-4499-9A15-58B24C3421BC}.Debug|Any CPU.ActiveCfg = Debug|Any CPU
		{7D6C6AD2-1C6A-4499-9A15-58B24C3421BC}.Debug|Any CPU.Build.0 = Debug|Any CPU
		{7D6C6AD2-1C6A-4499-9A15-58B24C3421BC}.Release|Any CPU.ActiveCfg = Release|Any CPU
		{7D6C6AD2-1C6A-4499-9A15-58B24C3421BC}.Release|Any CPU.Build.0 = Release|Any CPU
	EndGlobalSection
	GlobalSection(SolutionProperties) = preSolution
		HideSolutionNode = FALSE
	EndGlobalSection
EndGlobal
