
Microsoft Visual Studio Solution File, Format Version 12.00
# Visual Studio 2013
VisualStudioVersion = 12.0.40629.0
MinimumVisualStudioVersion = 10.0.40219.1
Project("{FAE04EC0-301F-11D3-BF4B-00C04F79EFBC}") = "User", "User\User.csproj", "{AC23E259-DC01-483C-965D-C82CA15EF3D9}"
EndProject
Project("{FAE04EC0-301F-11D3-BF4B-00C04F79EFBC}") = "Share", "Share\Share.csproj", "{BC3969EE-B13A-4D9A-8BAD-BA750FC386CC}"
EndProject
Project("{FAE04EC0-301F-11D3-BF4B-00C04F79EFBC}") = "UI", "UI\UI.csproj", "{4BCEDD93-AF14-4DA7-A46B-4AE0C9B68570}"
EndProject
Project("{FAE04EC0-301F-11D3-BF4B-00C04F79EFBC}") = "Drive", "Drive\Drive.csproj", "{601C2F8D-209E-46D8-A2AB-3EBB4E22DECF}"
EndProject
Project("{FAE04EC0-301F-11D3-BF4B-00C04F79EFBC}") = "AutoStart", "AutoStart\AutoStart.csproj", "{1998CE12-E1B1-4422-BA9A-AB21B252DBB0}"
EndProject
Project("{FAE04EC0-301F-11D3-BF4B-00C04F79EFBC}") = "UAC", "UAC\UAC.csproj", "{F5DD2950-2A33-49E3-832B-ACE68E495713}"
EndProject
Project("{FAE04EC0-301F-11D3-BF4B-00C04F79EFBC}") = "AutoLogin", "AutoLogin\AutoLogin.csproj", "{74CAB9A8-6090-4763-9DF0-CFD8ADB9A8DD}"
EndProject
Project("{FAE04EC0-301F-11D3-BF4B-00C04F79EFBC}") = "RestorePoint", "RestorePoint\RestorePoint.csproj", "{BA6AD680-3E7E-4DA1-8452-7130B12443DE}"
EndProject
Global
	GlobalSection(SolutionConfigurationPlatforms) = preSolution
		Debug|Any CPU = Debug|Any CPU
		Release|Any CPU = Release|Any CPU
	EndGlobalSection
	GlobalSection(ProjectConfigurationPlatforms) = postSolution
		{AC23E259-DC01-483C-965D-C82CA15EF3D9}.Debug|Any CPU.ActiveCfg = Debug|Any CPU
		{AC23E259-DC01-483C-965D-C82CA15EF3D9}.Debug|Any CPU.Build.0 = Debug|Any CPU
		{AC23E259-DC01-483C-965D-C82CA15EF3D9}.Release|Any CPU.ActiveCfg = Release|Any CPU
		{AC23E259-DC01-483C-965D-C82CA15EF3D9}.Release|Any CPU.Build.0 = Release|Any CPU
		{BC3969EE-B13A-4D9A-8BAD-BA750FC386CC}.Debug|Any CPU.ActiveCfg = Debug|Any CPU
		{BC3969EE-B13A-4D9A-8BAD-BA750FC386CC}.Debug|Any CPU.Build.0 = Debug|Any CPU
		{BC3969EE-B13A-4D9A-8BAD-BA750FC386CC}.Release|Any CPU.ActiveCfg = Release|Any CPU
		{BC3969EE-B13A-4D9A-8BAD-BA750FC386CC}.Release|Any CPU.Build.0 = Release|Any CPU
		{4BCEDD93-AF14-4DA7-A46B-4AE0C9B68570}.Debug|Any CPU.ActiveCfg = Debug|Any CPU
		{4BCEDD93-AF14-4DA7-A46B-4AE0C9B68570}.Debug|Any CPU.Build.0 = Debug|Any CPU
		{4BCEDD93-AF14-4DA7-A46B-4AE0C9B68570}.Release|Any CPU.ActiveCfg = Release|Any CPU
		{4BCEDD93-AF14-4DA7-A46B-4AE0C9B68570}.Release|Any CPU.Build.0 = Release|Any CPU
		{601C2F8D-209E-46D8-A2AB-3EBB4E22DECF}.Debug|Any CPU.ActiveCfg = Debug|Any CPU
		{601C2F8D-209E-46D8-A2AB-3EBB4E22DECF}.Debug|Any CPU.Build.0 = Debug|Any CPU
		{601C2F8D-209E-46D8-A2AB-3EBB4E22DECF}.Release|Any CPU.ActiveCfg = Release|Any CPU
		{601C2F8D-209E-46D8-A2AB-3EBB4E22DECF}.Release|Any CPU.Build.0 = Release|Any CPU
		{1998CE12-E1B1-4422-BA9A-AB21B252DBB0}.Debug|Any CPU.ActiveCfg = Debug|Any CPU
		{1998CE12-E1B1-4422-BA9A-AB21B252DBB0}.Debug|Any CPU.Build.0 = Debug|Any CPU
		{1998CE12-E1B1-4422-BA9A-AB21B252DBB0}.Release|Any CPU.ActiveCfg = Release|Any CPU
		{1998CE12-E1B1-4422-BA9A-AB21B252DBB0}.Release|Any CPU.Build.0 = Release|Any CPU
		{F5DD2950-2A33-49E3-832B-ACE68E495713}.Debug|Any CPU.ActiveCfg = Debug|Any CPU
		{F5DD2950-2A33-49E3-832B-ACE68E495713}.Debug|Any CPU.Build.0 = Debug|Any CPU
		{F5DD2950-2A33-49E3-832B-ACE68E495713}.Release|Any CPU.ActiveCfg = Release|Any CPU
		{F5DD2950-2A33-49E3-832B-ACE68E495713}.Release|Any CPU.Build.0 = Release|Any CPU
		{74CAB9A8-6090-4763-9DF0-CFD8ADB9A8DD}.Debug|Any CPU.ActiveCfg = Debug|Any CPU
		{74CAB9A8-6090-4763-9DF0-CFD8ADB9A8DD}.Debug|Any CPU.Build.0 = Debug|Any CPU
		{74CAB9A8-6090-4763-9DF0-CFD8ADB9A8DD}.Release|Any CPU.ActiveCfg = Release|Any CPU
		{74CAB9A8-6090-4763-9DF0-CFD8ADB9A8DD}.Release|Any CPU.Build.0 = Release|Any CPU
		{BA6AD680-3E7E-4DA1-8452-7130B12443DE}.Debug|Any CPU.ActiveCfg = Debug|Any CPU
		{BA6AD680-3E7E-4DA1-8452-7130B12443DE}.Debug|Any CPU.Build.0 = Debug|Any CPU
		{BA6AD680-3E7E-4DA1-8452-7130B12443DE}.Release|Any CPU.ActiveCfg = Release|Any CPU
		{BA6AD680-3E7E-4DA1-8452-7130B12443DE}.Release|Any CPU.Build.0 = Release|Any CPU
	EndGlobalSection
	GlobalSection(SolutionProperties) = preSolution
		HideSolutionNode = FALSE
	EndGlobalSection
EndGlobal
